
Microsoft Visual Studio Solution File, Format Version 12.00
# Visual Studio Version 16
VisualStudioVersion = 16.0.32106.194
MinimumVisualStudioVersion = 10.0.40219.1
Project("{9A19103F-16F7-4668-BE54-9A1E7A4F7556}") = "EF_Relations", "EF_Relations\EF_Relations.csproj", "{ED0F3A0B-2D4F-4225-91E7-A2C6902C5E1F}"
EndProject
Global
	GlobalSection(SolutionConfigurationPlatforms) = preSolution
		Debug|Any CPU = Debug|Any CPU
		Release|Any CPU = Release|Any CPU
	EndGlobalSection
	GlobalSection(ProjectConfigurationPlatforms) = postSolution
		{ED0F3A0B-2D4F-4225-91E7-A2C6902C5E1F}.Debug|Any CPU.ActiveCfg = Debug|Any CPU
		{ED0F3A0B-2D4F-4225-91E7-A2C6902C5E1F}.Debug|Any CPU.Build.0 = Debug|Any CPU
		{ED0F3A0B-2D4F-4225-91E7-A2C6902C5E1F}.Release|Any CPU.ActiveCfg = Release|Any CPU
		{ED0F3A0B-2D4F-4225-91E7-A2C6902C5E1F}.Release|Any CPU.Build.0 = Release|Any CPU
	EndGlobalSection
	GlobalSection(SolutionProperties) = preSolution
		HideSolutionNode = FALSE
	EndGlobalSection
	GlobalSection(ExtensibilityGlobals) = postSolution
		SolutionGuid = {4C332C70-44CA-42BD-A3F6-EF1ECF627D4B}
	EndGlobalSection
EndGlobal
